// !$*UTF8*$!
{
	archiveVersion = 1;
	classes = {
	};
	objectVersion = 56;
	objects = {

/* Begin PBXBuildFile section */
		0592ED2A2C48A69600727466 /* BackgroundGeneralView.swift in Sources */ = {isa = PBXBuildFile; fileRef = 0592ED292C48A69600727466 /* BackgroundGeneralView.swift */; };
		0592ED2E2C48A6E000727466 /* SplashView.swift in Sources */ = {isa = PBXBuildFile; fileRef = 0592ED2D2C48A6E000727466 /* SplashView.swift */; };
		0592ED302C48A95300727466 /* RegularButton.swift in Sources */ = {isa = PBXBuildFile; fileRef = 0592ED2F2C48A95300727466 /* RegularButton.swift */; };
		0592ED322C48AEA800727466 /* LoginView.swift in Sources */ = {isa = PBXBuildFile; fileRef = 0592ED312C48AEA800727466 /* LoginView.swift */; };
		0592ED342C48B92400727466 /* mainScreenButton.swift in Sources */ = {isa = PBXBuildFile; fileRef = 0592ED332C48B92400727466 /* mainScreenButton.swift */; };
		0592ED362C48BF1C00727466 /* MembershipButton.swift in Sources */ = {isa = PBXBuildFile; fileRef = 0592ED352C48BF1B00727466 /* MembershipButton.swift */; };
		635CE2B92C48336400F857AD /* SwiftleApp.swift in Sources */ = {isa = PBXBuildFile; fileRef = 635CE2B82C48336400F857AD /* SwiftleApp.swift */; };
		635CE2BB2C48336400F857AD /* ContentView.swift in Sources */ = {isa = PBXBuildFile; fileRef = 635CE2BA2C48336400F857AD /* ContentView.swift */; };
		635CE2BD2C48336600F857AD /* Assets.xcassets in Resources */ = {isa = PBXBuildFile; fileRef = 635CE2BC2C48336600F857AD /* Assets.xcassets */; };
		635CE2C02C48336600F857AD /* Preview Assets.xcassets in Resources */ = {isa = PBXBuildFile; fileRef = 635CE2BF2C48336600F857AD /* Preview Assets.xcassets */; };
		635CE2CA2C48336700F857AD /* SwiftleTests.swift in Sources */ = {isa = PBXBuildFile; fileRef = 635CE2C92C48336700F857AD /* SwiftleTests.swift */; };
		635CE2D42C48336700F857AD /* SwiftleUITests.swift in Sources */ = {isa = PBXBuildFile; fileRef = 635CE2D32C48336700F857AD /* SwiftleUITests.swift */; };
		635CE2D62C48336700F857AD /* SwiftleUITestsLaunchTests.swift in Sources */ = {isa = PBXBuildFile; fileRef = 635CE2D52C48336700F857AD /* SwiftleUITestsLaunchTests.swift */; };
		635CE2E32C48348D00F857AD /* Model.swift in Sources */ = {isa = PBXBuildFile; fileRef = 635CE2E22C48348D00F857AD /* Model.swift */; };
		635CE2E52C483A0800F857AD /* KeyboardView.swift in Sources */ = {isa = PBXBuildFile; fileRef = 635CE2E42C483A0800F857AD /* KeyboardView.swift */; };
		635CE2E72C483C0300F857AD /* GameView.swift in Sources */ = {isa = PBXBuildFile; fileRef = 635CE2E62C483C0300F857AD /* GameView.swift */; };
		635CE2E92C483E5A00F857AD /* ViewModel.swift in Sources */ = {isa = PBXBuildFile; fileRef = 635CE2E82C483E5A00F857AD /* ViewModel.swift */; };
		635CE2EB2C484C0C00F857AD /* BannerView.swift in Sources */ = {isa = PBXBuildFile; fileRef = 635CE2EA2C484C0C00F857AD /* BannerView.swift */; };
/* End PBXBuildFile section */

/* Begin PBXContainerItemProxy section */
		635CE2C62C48336700F857AD /* PBXContainerItemProxy */ = {
			isa = PBXContainerItemProxy;
			containerPortal = 635CE2AD2C48336400F857AD /* Project object */;
			proxyType = 1;
			remoteGlobalIDString = 635CE2B42C48336400F857AD;
			remoteInfo = Swiftle;
		};
		635CE2D02C48336700F857AD /* PBXContainerItemProxy */ = {
			isa = PBXContainerItemProxy;
			containerPortal = 635CE2AD2C48336400F857AD /* Project object */;
			proxyType = 1;
			remoteGlobalIDString = 635CE2B42C48336400F857AD;
			remoteInfo = Swiftle;
		};
/* End PBXContainerItemProxy section */

/* Begin PBXFileReference section */
		0592ED292C48A69600727466 /* BackgroundGeneralView.swift */ = {isa = PBXFileReference; lastKnownFileType = sourcecode.swift; path = BackgroundGeneralView.swift; sourceTree = "<group>"; };
		0592ED2D2C48A6E000727466 /* SplashView.swift */ = {isa = PBXFileReference; lastKnownFileType = sourcecode.swift; path = SplashView.swift; sourceTree = "<group>"; };
		0592ED2F2C48A95300727466 /* RegularButton.swift */ = {isa = PBXFileReference; lastKnownFileType = sourcecode.swift; path = RegularButton.swift; sourceTree = "<group>"; };
		0592ED312C48AEA800727466 /* LoginView.swift */ = {isa = PBXFileReference; lastKnownFileType = sourcecode.swift; path = LoginView.swift; sourceTree = "<group>"; };
		0592ED332C48B92400727466 /* mainScreenButton.swift */ = {isa = PBXFileReference; lastKnownFileType = sourcecode.swift; path = mainScreenButton.swift; sourceTree = "<group>"; };
		0592ED352C48BF1B00727466 /* MembershipButton.swift */ = {isa = PBXFileReference; lastKnownFileType = sourcecode.swift; path = MembershipButton.swift; sourceTree = "<group>"; };
		635CE2B52C48336400F857AD /* Swiftle.app */ = {isa = PBXFileReference; explicitFileType = wrapper.application; includeInIndex = 0; path = Swiftle.app; sourceTree = BUILT_PRODUCTS_DIR; };
		635CE2B82C48336400F857AD /* SwiftleApp.swift */ = {isa = PBXFileReference; lastKnownFileType = sourcecode.swift; path = SwiftleApp.swift; sourceTree = "<group>"; };
		635CE2BA2C48336400F857AD /* ContentView.swift */ = {isa = PBXFileReference; lastKnownFileType = sourcecode.swift; path = ContentView.swift; sourceTree = "<group>"; };
		635CE2BC2C48336600F857AD /* Assets.xcassets */ = {isa = PBXFileReference; lastKnownFileType = folder.assetcatalog; path = Assets.xcassets; sourceTree = "<group>"; };
		635CE2BF2C48336600F857AD /* Preview Assets.xcassets */ = {isa = PBXFileReference; lastKnownFileType = folder.assetcatalog; path = "Preview Assets.xcassets"; sourceTree = "<group>"; };
		635CE2C52C48336700F857AD /* SwiftleTests.xctest */ = {isa = PBXFileReference; explicitFileType = wrapper.cfbundle; includeInIndex = 0; path = SwiftleTests.xctest; sourceTree = BUILT_PRODUCTS_DIR; };
		635CE2C92C48336700F857AD /* SwiftleTests.swift */ = {isa = PBXFileReference; lastKnownFileType = sourcecode.swift; path = SwiftleTests.swift; sourceTree = "<group>"; };
		635CE2CF2C48336700F857AD /* SwiftleUITests.xctest */ = {isa = PBXFileReference; explicitFileType = wrapper.cfbundle; includeInIndex = 0; path = SwiftleUITests.xctest; sourceTree = BUILT_PRODUCTS_DIR; };
		635CE2D32C48336700F857AD /* SwiftleUITests.swift */ = {isa = PBXFileReference; lastKnownFileType = sourcecode.swift; path = SwiftleUITests.swift; sourceTree = "<group>"; };
		635CE2D52C48336700F857AD /* SwiftleUITestsLaunchTests.swift */ = {isa = PBXFileReference; lastKnownFileType = sourcecode.swift; path = SwiftleUITestsLaunchTests.swift; sourceTree = "<group>"; };
		635CE2E22C48348D00F857AD /* Model.swift */ = {isa = PBXFileReference; lastKnownFileType = sourcecode.swift; path = Model.swift; sourceTree = "<group>"; };
		635CE2E42C483A0800F857AD /* KeyboardView.swift */ = {isa = PBXFileReference; lastKnownFileType = sourcecode.swift; path = KeyboardView.swift; sourceTree = "<group>"; };
		635CE2E62C483C0300F857AD /* GameView.swift */ = {isa = PBXFileReference; lastKnownFileType = sourcecode.swift; path = GameView.swift; sourceTree = "<group>"; };
		635CE2E82C483E5A00F857AD /* ViewModel.swift */ = {isa = PBXFileReference; lastKnownFileType = sourcecode.swift; path = ViewModel.swift; sourceTree = "<group>"; };
		635CE2EA2C484C0C00F857AD /* BannerView.swift */ = {isa = PBXFileReference; lastKnownFileType = sourcecode.swift; path = BannerView.swift; sourceTree = "<group>"; };
/* End PBXFileReference section */

/* Begin PBXFrameworksBuildPhase section */
		635CE2B22C48336400F857AD /* Frameworks */ = {
			isa = PBXFrameworksBuildPhase;
			buildActionMask = 2147483647;
			files = (
			);
			runOnlyForDeploymentPostprocessing = 0;
		};
		635CE2C22C48336700F857AD /* Frameworks */ = {
			isa = PBXFrameworksBuildPhase;
			buildActionMask = 2147483647;
			files = (
			);
			runOnlyForDeploymentPostprocessing = 0;
		};
		635CE2CC2C48336700F857AD /* Frameworks */ = {
			isa = PBXFrameworksBuildPhase;
			buildActionMask = 2147483647;
			files = (
			);
			runOnlyForDeploymentPostprocessing = 0;
		};
/* End PBXFrameworksBuildPhase section */

/* Begin PBXGroup section */
		0592ED282C48A62400727466 /* Presentation */ = {
			isa = PBXGroup;
			children = (
				0592ED292C48A69600727466 /* BackgroundGeneralView.swift */,
				0592ED2D2C48A6E000727466 /* SplashView.swift */,
				0592ED2F2C48A95300727466 /* RegularButton.swift */,
				0592ED312C48AEA800727466 /* LoginView.swift */,
				0592ED332C48B92400727466 /* mainScreenButton.swift */,
				0592ED352C48BF1B00727466 /* MembershipButton.swift */,
			);
			path = Presentation;
			sourceTree = "<group>";
		};
		635CE2AC2C48336400F857AD = {
			isa = PBXGroup;
			children = (
				635CE2B72C48336400F857AD /* Swiftle */,
				635CE2C82C48336700F857AD /* SwiftleTests */,
				635CE2D22C48336700F857AD /* SwiftleUITests */,
				635CE2B62C48336400F857AD /* Products */,
			);
			sourceTree = "<group>";
		};
		635CE2B62C48336400F857AD /* Products */ = {
			isa = PBXGroup;
			children = (
				635CE2B52C48336400F857AD /* Swiftle.app */,
				635CE2C52C48336700F857AD /* SwiftleTests.xctest */,
				635CE2CF2C48336700F857AD /* SwiftleUITests.xctest */,
			);
			name = Products;
			sourceTree = "<group>";
		};
		635CE2B72C48336400F857AD /* Swiftle */ = {
			isa = PBXGroup;
			children = (
				0592ED282C48A62400727466 /* Presentation */,
				635CE2B82C48336400F857AD /* SwiftleApp.swift */,
				635CE2BA2C48336400F857AD /* ContentView.swift */,
				635CE2E22C48348D00F857AD /* Model.swift */,
				635CE2E42C483A0800F857AD /* KeyboardView.swift */,
				635CE2E62C483C0300F857AD /* GameView.swift */,
				635CE2EA2C484C0C00F857AD /* BannerView.swift */,
				635CE2E82C483E5A00F857AD /* ViewModel.swift */,
				635CE2BC2C48336600F857AD /* Assets.xcassets */,
				635CE2BE2C48336600F857AD /* Preview Content */,
			);
			path = Swiftle;
			sourceTree = "<group>";
		};
		635CE2BE2C48336600F857AD /* Preview Content */ = {
			isa = PBXGroup;
			children = (
				635CE2BF2C48336600F857AD /* Preview Assets.xcassets */,
			);
			path = "Preview Content";
			sourceTree = "<group>";
		};
		635CE2C82C48336700F857AD /* SwiftleTests */ = {
			isa = PBXGroup;
			children = (
				635CE2C92C48336700F857AD /* SwiftleTests.swift */,
			);
			path = SwiftleTests;
			sourceTree = "<group>";
		};
		635CE2D22C48336700F857AD /* SwiftleUITests */ = {
			isa = PBXGroup;
			children = (
				635CE2D32C48336700F857AD /* SwiftleUITests.swift */,
				635CE2D52C48336700F857AD /* SwiftleUITestsLaunchTests.swift */,
			);
			path = SwiftleUITests;
			sourceTree = "<group>";
		};
/* End PBXGroup section */

/* Begin PBXNativeTarget section */
		635CE2B42C48336400F857AD /* Swiftle */ = {
			isa = PBXNativeTarget;
			buildConfigurationList = 635CE2D92C48336700F857AD /* Build configuration list for PBXNativeTarget "Swiftle" */;
			buildPhases = (
				635CE2B12C48336400F857AD /* Sources */,
				635CE2B22C48336400F857AD /* Frameworks */,
				635CE2B32C48336400F857AD /* Resources */,
			);
			buildRules = (
			);
			dependencies = (
			);
			name = Swiftle;
			productName = Swiftle;
			productReference = 635CE2B52C48336400F857AD /* Swiftle.app */;
			productType = "com.apple.product-type.application";
		};
		635CE2C42C48336700F857AD /* SwiftleTests */ = {
			isa = PBXNativeTarget;
			buildConfigurationList = 635CE2DC2C48336700F857AD /* Build configuration list for PBXNativeTarget "SwiftleTests" */;
			buildPhases = (
				635CE2C12C48336700F857AD /* Sources */,
				635CE2C22C48336700F857AD /* Frameworks */,
				635CE2C32C48336700F857AD /* Resources */,
			);
			buildRules = (
			);
			dependencies = (
				635CE2C72C48336700F857AD /* PBXTargetDependency */,
			);
			name = SwiftleTests;
			productName = SwiftleTests;
			productReference = 635CE2C52C48336700F857AD /* SwiftleTests.xctest */;
			productType = "com.apple.product-type.bundle.unit-test";
		};
		635CE2CE2C48336700F857AD /* SwiftleUITests */ = {
			isa = PBXNativeTarget;
			buildConfigurationList = 635CE2DF2C48336700F857AD /* Build configuration list for PBXNativeTarget "SwiftleUITests" */;
			buildPhases = (
				635CE2CB2C48336700F857AD /* Sources */,
				635CE2CC2C48336700F857AD /* Frameworks */,
				635CE2CD2C48336700F857AD /* Resources */,
			);
			buildRules = (
			);
			dependencies = (
				635CE2D12C48336700F857AD /* PBXTargetDependency */,
			);
			name = SwiftleUITests;
			productName = SwiftleUITests;
			productReference = 635CE2CF2C48336700F857AD /* SwiftleUITests.xctest */;
			productType = "com.apple.product-type.bundle.ui-testing";
		};
/* End PBXNativeTarget section */

/* Begin PBXProject section */
		635CE2AD2C48336400F857AD /* Project object */ = {
			isa = PBXProject;
			attributes = {
				BuildIndependentTargetsInParallel = 1;
				LastSwiftUpdateCheck = 1540;
				LastUpgradeCheck = 1540;
				TargetAttributes = {
					635CE2B42C48336400F857AD = {
						CreatedOnToolsVersion = 15.4;
					};
					635CE2C42C48336700F857AD = {
						CreatedOnToolsVersion = 15.4;
						TestTargetID = 635CE2B42C48336400F857AD;
					};
					635CE2CE2C48336700F857AD = {
						CreatedOnToolsVersion = 15.4;
						TestTargetID = 635CE2B42C48336400F857AD;
					};
				};
			};
			buildConfigurationList = 635CE2B02C48336400F857AD /* Build configuration list for PBXProject "Swiftle" */;
			compatibilityVersion = "Xcode 14.0";
			developmentRegion = en;
			hasScannedForEncodings = 0;
			knownRegions = (
				en,
				Base,
			);
			mainGroup = 635CE2AC2C48336400F857AD;
			productRefGroup = 635CE2B62C48336400F857AD /* Products */;
			projectDirPath = "";
			projectRoot = "";
			targets = (
				635CE2B42C48336400F857AD /* Swiftle */,
				635CE2C42C48336700F857AD /* SwiftleTests */,
				635CE2CE2C48336700F857AD /* SwiftleUITests */,
			);
		};
/* End PBXProject section */

/* Begin PBXResourcesBuildPhase section */
		635CE2B32C48336400F857AD /* Resources */ = {
			isa = PBXResourcesBuildPhase;
			buildActionMask = 2147483647;
			files = (
				635CE2C02C48336600F857AD /* Preview Assets.xcassets in Resources */,
				635CE2BD2C48336600F857AD /* Assets.xcassets in Resources */,
			);
			runOnlyForDeploymentPostprocessing = 0;
		};
		635CE2C32C48336700F857AD /* Resources */ = {
			isa = PBXResourcesBuildPhase;
			buildActionMask = 2147483647;
			files = (
			);
			runOnlyForDeploymentPostprocessing = 0;
		};
		635CE2CD2C48336700F857AD /* Resources */ = {
			isa = PBXResourcesBuildPhase;
			buildActionMask = 2147483647;
			files = (
			);
			runOnlyForDeploymentPostprocessing = 0;
		};
/* End PBXResourcesBuildPhase section */

/* Begin PBXSourcesBuildPhase section */
		635CE2B12C48336400F857AD /* Sources */ = {
			isa = PBXSourcesBuildPhase;
			buildActionMask = 2147483647;
			files = (
				0592ED302C48A95300727466 /* RegularButton.swift in Sources */,
				635CE2EB2C484C0C00F857AD /* BannerView.swift in Sources */,
				0592ED362C48BF1C00727466 /* MembershipButton.swift in Sources */,
				635CE2E32C48348D00F857AD /* Model.swift in Sources */,
				635CE2E52C483A0800F857AD /* KeyboardView.swift in Sources */,
				635CE2BB2C48336400F857AD /* ContentView.swift in Sources */,
				635CE2B92C48336400F857AD /* SwiftleApp.swift in Sources */,
				0592ED342C48B92400727466 /* mainScreenButton.swift in Sources */,
				635CE2E92C483E5A00F857AD /* ViewModel.swift in Sources */,
				635CE2E72C483C0300F857AD /* GameView.swift in Sources */,
				0592ED322C48AEA800727466 /* LoginView.swift in Sources */,
				0592ED2A2C48A69600727466 /* BackgroundGeneralView.swift in Sources */,
				0592ED2E2C48A6E000727466 /* SplashView.swift in Sources */,
			);
			runOnlyForDeploymentPostprocessing = 0;
		};
		635CE2C12C48336700F857AD /* Sources */ = {
			isa = PBXSourcesBuildPhase;
			buildActionMask = 2147483647;
			files = (
				635CE2CA2C48336700F857AD /* SwiftleTests.swift in Sources */,
			);
			runOnlyForDeploymentPostprocessing = 0;
		};
		635CE2CB2C48336700F857AD /* Sources */ = {
			isa = PBXSourcesBuildPhase;
			buildActionMask = 2147483647;
			files = (
				635CE2D42C48336700F857AD /* SwiftleUITests.swift in Sources */,
				635CE2D62C48336700F857AD /* SwiftleUITestsLaunchTests.swift in Sources */,
			);
			runOnlyForDeploymentPostprocessing = 0;
		};
/* End PBXSourcesBuildPhase section */

/* Begin PBXTargetDependency section */
		635CE2C72C48336700F857AD /* PBXTargetDependency */ = {
			isa = PBXTargetDependency;
			target = 635CE2B42C48336400F857AD /* Swiftle */;
			targetProxy = 635CE2C62C48336700F857AD /* PBXContainerItemProxy */;
		};
		635CE2D12C48336700F857AD /* PBXTargetDependency */ = {
			isa = PBXTargetDependency;
			target = 635CE2B42C48336400F857AD /* Swiftle */;
			targetProxy = 635CE2D02C48336700F857AD /* PBXContainerItemProxy */;
		};
/* End PBXTargetDependency section */

/* Begin XCBuildConfiguration section */
		635CE2D72C48336700F857AD /* Debug */ = {
			isa = XCBuildConfiguration;
			buildSettings = {
				ALWAYS_SEARCH_USER_PATHS = NO;
				ASSETCATALOG_COMPILER_GENERATE_SWIFT_ASSET_SYMBOL_EXTENSIONS = YES;
				CLANG_ANALYZER_NONNULL = YES;
				CLANG_ANALYZER_NUMBER_OBJECT_CONVERSION = YES_AGGRESSIVE;
				CLANG_CXX_LANGUAGE_STANDARD = "gnu++20";
				CLANG_ENABLE_MODULES = YES;
				CLANG_ENABLE_OBJC_ARC = YES;
				CLANG_ENABLE_OBJC_WEAK = YES;
				CLANG_WARN_BLOCK_CAPTURE_AUTORELEASING = YES;
				CLANG_WARN_BOOL_CONVERSION = YES;
				CLANG_WARN_COMMA = YES;
				CLANG_WARN_CONSTANT_CONVERSION = YES;
				CLANG_WARN_DEPRECATED_OBJC_IMPLEMENTATIONS = YES;
				CLANG_WARN_DIRECT_OBJC_ISA_USAGE = YES_ERROR;
				CLANG_WARN_DOCUMENTATION_COMMENTS = YES;
				CLANG_WARN_EMPTY_BODY = YES;
				CLANG_WARN_ENUM_CONVERSION = YES;
				CLANG_WARN_INFINITE_RECURSION = YES;
				CLANG_WARN_INT_CONVERSION = YES;
				CLANG_WARN_NON_LITERAL_NULL_CONVERSION = YES;
				CLANG_WARN_OBJC_IMPLICIT_RETAIN_SELF = YES;
				CLANG_WARN_OBJC_LITERAL_CONVERSION = YES;
				CLANG_WARN_OBJC_ROOT_CLASS = YES_ERROR;
				CLANG_WARN_QUOTED_INCLUDE_IN_FRAMEWORK_HEADER = YES;
				CLANG_WARN_RANGE_LOOP_ANALYSIS = YES;
				CLANG_WARN_STRICT_PROTOTYPES = YES;
				CLANG_WARN_SUSPICIOUS_MOVE = YES;
				CLANG_WARN_UNGUARDED_AVAILABILITY = YES_AGGRESSIVE;
				CLANG_WARN_UNREACHABLE_CODE = YES;
				CLANG_WARN__DUPLICATE_METHOD_MATCH = YES;
				COPY_PHASE_STRIP = NO;
				DEBUG_INFORMATION_FORMAT = dwarf;
				ENABLE_STRICT_OBJC_MSGSEND = YES;
				ENABLE_TESTABILITY = YES;
				ENABLE_USER_SCRIPT_SANDBOXING = YES;
				GCC_C_LANGUAGE_STANDARD = gnu17;
				GCC_DYNAMIC_NO_PIC = NO;
				GCC_NO_COMMON_BLOCKS = YES;
				GCC_OPTIMIZATION_LEVEL = 0;
				GCC_PREPROCESSOR_DEFINITIONS = (
					"DEBUG=1",
					"$(inherited)",
				);
				GCC_WARN_64_TO_32_BIT_CONVERSION = YES;
				GCC_WARN_ABOUT_RETURN_TYPE = YES_ERROR;
				GCC_WARN_UNDECLARED_SELECTOR = YES;
				GCC_WARN_UNINITIALIZED_AUTOS = YES_AGGRESSIVE;
				GCC_WARN_UNUSED_FUNCTION = YES;
				GCC_WARN_UNUSED_VARIABLE = YES;
				IPHONEOS_DEPLOYMENT_TARGET = 17.5;
				LOCALIZATION_PREFERS_STRING_CATALOGS = YES;
				MTL_ENABLE_DEBUG_INFO = INCLUDE_SOURCE;
				MTL_FAST_MATH = YES;
				ONLY_ACTIVE_ARCH = YES;
				SDKROOT = iphoneos;
				SWIFT_ACTIVE_COMPILATION_CONDITIONS = "DEBUG $(inherited)";
				SWIFT_OPTIMIZATION_LEVEL = "-Onone";
			};
			name = Debug;
		};
		635CE2D82C48336700F857AD /* Release */ = {
			isa = XCBuildConfiguration;
			buildSettings = {
				ALWAYS_SEARCH_USER_PATHS = NO;
				ASSETCATALOG_COMPILER_GENERATE_SWIFT_ASSET_SYMBOL_EXTENSIONS = YES;
				CLANG_ANALYZER_NONNULL = YES;
				CLANG_ANALYZER_NUMBER_OBJECT_CONVERSION = YES_AGGRESSIVE;
				CLANG_CXX_LANGUAGE_STANDARD = "gnu++20";
				CLANG_ENABLE_MODULES = YES;
				CLANG_ENABLE_OBJC_ARC = YES;
				CLANG_ENABLE_OBJC_WEAK = YES;
				CLANG_WARN_BLOCK_CAPTURE_AUTORELEASING = YES;
				CLANG_WARN_BOOL_CONVERSION = YES;
				CLANG_WARN_COMMA = YES;
				CLANG_WARN_CONSTANT_CONVERSION = YES;
				CLANG_WARN_DEPRECATED_OBJC_IMPLEMENTATIONS = YES;
				CLANG_WARN_DIRECT_OBJC_ISA_USAGE = YES_ERROR;
				CLANG_WARN_DOCUMENTATION_COMMENTS = YES;
				CLANG_WARN_EMPTY_BODY = YES;
				CLANG_WARN_ENUM_CONVERSION = YES;
				CLANG_WARN_INFINITE_RECURSION = YES;
				CLANG_WARN_INT_CONVERSION = YES;
				CLANG_WARN_NON_LITERAL_NULL_CONVERSION = YES;
				CLANG_WARN_OBJC_IMPLICIT_RETAIN_SELF = YES;
				CLANG_WARN_OBJC_LITERAL_CONVERSION = YES;
				CLANG_WARN_OBJC_ROOT_CLASS = YES_ERROR;
				CLANG_WARN_QUOTED_INCLUDE_IN_FRAMEWORK_HEADER = YES;
				CLANG_WARN_RANGE_LOOP_ANALYSIS = YES;
				CLANG_WARN_STRICT_PROTOTYPES = YES;
				CLANG_WARN_SUSPICIOUS_MOVE = YES;
				CLANG_WARN_UNGUARDED_AVAILABILITY = YES_AGGRESSIVE;
				CLANG_WARN_UNREACHABLE_CODE = YES;
				CLANG_WARN__DUPLICATE_METHOD_MATCH = YES;
				COPY_PHASE_STRIP = NO;
				DEBUG_INFORMATION_FORMAT = "dwarf-with-dsym";
				ENABLE_NS_ASSERTIONS = NO;
				ENABLE_STRICT_OBJC_MSGSEND = YES;
				ENABLE_USER_SCRIPT_SANDBOXING = YES;
				GCC_C_LANGUAGE_STANDARD = gnu17;
				GCC_NO_COMMON_BLOCKS = YES;
				GCC_WARN_64_TO_32_BIT_CONVERSION = YES;
				GCC_WARN_ABOUT_RETURN_TYPE = YES_ERROR;
				GCC_WARN_UNDECLARED_SELECTOR = YES;
				GCC_WARN_UNINITIALIZED_AUTOS = YES_AGGRESSIVE;
				GCC_WARN_UNUSED_FUNCTION = YES;
				GCC_WARN_UNUSED_VARIABLE = YES;
				IPHONEOS_DEPLOYMENT_TARGET = 17.5;
				LOCALIZATION_PREFERS_STRING_CATALOGS = YES;
				MTL_ENABLE_DEBUG_INFO = NO;
				MTL_FAST_MATH = YES;
				SDKROOT = iphoneos;
				SWIFT_COMPILATION_MODE = wholemodule;
				VALIDATE_PRODUCT = YES;
			};
			name = Release;
		};
		635CE2DA2C48336700F857AD /* Debug */ = {
			isa = XCBuildConfiguration;
			buildSettings = {
				ASSETCATALOG_COMPILER_APPICON_NAME = AppIcon;
				ASSETCATALOG_COMPILER_GLOBAL_ACCENT_COLOR_NAME = AccentColor;
				CODE_SIGN_STYLE = Automatic;
				CURRENT_PROJECT_VERSION = 1;
				DEVELOPMENT_ASSET_PATHS = "\"Swiftle/Preview Content\"";
				DEVELOPMENT_TEAM = 3GUXS6Q4R7;
				ENABLE_PREVIEWS = YES;
				GENERATE_INFOPLIST_FILE = YES;
				INFOPLIST_KEY_UIApplicationSceneManifest_Generation = YES;
				INFOPLIST_KEY_UIApplicationSupportsIndirectInputEvents = YES;
				INFOPLIST_KEY_UILaunchScreen_Generation = YES;
				INFOPLIST_KEY_UISupportedInterfaceOrientations_iPad = "UIInterfaceOrientationPortrait UIInterfaceOrientationPortraitUpsideDown UIInterfaceOrientationLandscapeLeft UIInterfaceOrientationLandscapeRight";
				INFOPLIST_KEY_UISupportedInterfaceOrientations_iPhone = "UIInterfaceOrientationPortrait UIInterfaceOrientationLandscapeLeft UIInterfaceOrientationLandscapeRight";
				LD_RUNPATH_SEARCH_PATHS = (
					"$(inherited)",
					"@executable_path/Frameworks",
				);
				MARKETING_VERSION = 1.0;
				PRODUCT_BUNDLE_IDENTIFIER = com.davidortega.Swiftle;
				PRODUCT_NAME = "$(TARGET_NAME)";
				SWIFT_EMIT_LOC_STRINGS = YES;
				SWIFT_VERSION = 5.0;
				TARGETED_DEVICE_FAMILY = "1,2";
			};
			name = Debug;
		};
		635CE2DB2C48336700F857AD /* Release */ = {
			isa = XCBuildConfiguration;
			buildSettings = {
				ASSETCATALOG_COMPILER_APPICON_NAME = AppIcon;
				ASSETCATALOG_COMPILER_GLOBAL_ACCENT_COLOR_NAME = AccentColor;
				CODE_SIGN_STYLE = Automatic;
				CURRENT_PROJECT_VERSION = 1;
				DEVELOPMENT_ASSET_PATHS = "\"Swiftle/Preview Content\"";
				DEVELOPMENT_TEAM = 3GUXS6Q4R7;
				ENABLE_PREVIEWS = YES;
				GENERATE_INFOPLIST_FILE = YES;
				INFOPLIST_KEY_UIApplicationSceneManifest_Generation = YES;
				INFOPLIST_KEY_UIApplicationSupportsIndirectInputEvents = YES;
				INFOPLIST_KEY_UILaunchScreen_Generation = YES;
				INFOPLIST_KEY_UISupportedInterfaceOrientations_iPad = "UIInterfaceOrientationPortrait UIInterfaceOrientationPortraitUpsideDown UIInterfaceOrientationLandscapeLeft UIInterfaceOrientationLandscapeRight";
				INFOPLIST_KEY_UISupportedInterfaceOrientations_iPhone = "UIInterfaceOrientationPortrait UIInterfaceOrientationLandscapeLeft UIInterfaceOrientationLandscapeRight";
				LD_RUNPATH_SEARCH_PATHS = (
					"$(inherited)",
					"@executable_path/Frameworks",
				);
				MARKETING_VERSION = 1.0;
				PRODUCT_BUNDLE_IDENTIFIER = com.davidortega.Swiftle;
				PRODUCT_NAME = "$(TARGET_NAME)";
				SWIFT_EMIT_LOC_STRINGS = YES;
				SWIFT_VERSION = 5.0;
				TARGETED_DEVICE_FAMILY = "1,2";
			};
			name = Release;
		};
		635CE2DD2C48336700F857AD /* Debug */ = {
			isa = XCBuildConfiguration;
			buildSettings = {
				ALWAYS_EMBED_SWIFT_STANDARD_LIBRARIES = YES;
				BUNDLE_LOADER = "$(TEST_HOST)";
				CODE_SIGN_STYLE = Automatic;
				CURRENT_PROJECT_VERSION = 1;
				DEVELOPMENT_TEAM = 3GUXS6Q4R7;
				GENERATE_INFOPLIST_FILE = YES;
				IPHONEOS_DEPLOYMENT_TARGET = 17.5;
				MARKETING_VERSION = 1.0;
				PRODUCT_BUNDLE_IDENTIFIER = com.davidortega.SwiftleTests;
				PRODUCT_NAME = "$(TARGET_NAME)";
				SWIFT_EMIT_LOC_STRINGS = NO;
				SWIFT_VERSION = 5.0;
				TARGETED_DEVICE_FAMILY = "1,2";
				TEST_HOST = "$(BUILT_PRODUCTS_DIR)/Swiftle.app/$(BUNDLE_EXECUTABLE_FOLDER_PATH)/Swiftle";
			};
			name = Debug;
		};
		635CE2DE2C48336700F857AD /* Release */ = {
			isa = XCBuildConfiguration;
			buildSettings = {
				ALWAYS_EMBED_SWIFT_STANDARD_LIBRARIES = YES;
				BUNDLE_LOADER = "$(TEST_HOST)";
				CODE_SIGN_STYLE = Automatic;
				CURRENT_PROJECT_VERSION = 1;
				DEVELOPMENT_TEAM = 3GUXS6Q4R7;
				GENERATE_INFOPLIST_FILE = YES;
				IPHONEOS_DEPLOYMENT_TARGET = 17.5;
				MARKETING_VERSION = 1.0;
				PRODUCT_BUNDLE_IDENTIFIER = com.davidortega.SwiftleTests;
				PRODUCT_NAME = "$(TARGET_NAME)";
				SWIFT_EMIT_LOC_STRINGS = NO;
				SWIFT_VERSION = 5.0;
				TARGETED_DEVICE_FAMILY = "1,2";
				TEST_HOST = "$(BUILT_PRODUCTS_DIR)/Swiftle.app/$(BUNDLE_EXECUTABLE_FOLDER_PATH)/Swiftle";
			};
			name = Release;
		};
		635CE2E02C48336700F857AD /* Debug */ = {
			isa = XCBuildConfiguration;
			buildSettings = {
				ALWAYS_EMBED_SWIFT_STANDARD_LIBRARIES = YES;
				CODE_SIGN_STYLE = Automatic;
				CURRENT_PROJECT_VERSION = 1;
				DEVELOPMENT_TEAM = 3GUXS6Q4R7;
				GENERATE_INFOPLIST_FILE = YES;
				MARKETING_VERSION = 1.0;
				PRODUCT_BUNDLE_IDENTIFIER = com.davidortega.SwiftleUITests;
				PRODUCT_NAME = "$(TARGET_NAME)";
				SWIFT_EMIT_LOC_STRINGS = NO;
				SWIFT_VERSION = 5.0;
				TARGETED_DEVICE_FAMILY = "1,2";
				TEST_TARGET_NAME = Swiftle;
			};
			name = Debug;
		};
		635CE2E12C48336700F857AD /* Release */ = {
			isa = XCBuildConfiguration;
			buildSettings = {
				ALWAYS_EMBED_SWIFT_STANDARD_LIBRARIES = YES;
				CODE_SIGN_STYLE = Automatic;
				CURRENT_PROJECT_VERSION = 1;
				DEVELOPMENT_TEAM = 3GUXS6Q4R7;
				GENERATE_INFOPLIST_FILE = YES;
				MARKETING_VERSION = 1.0;
				PRODUCT_BUNDLE_IDENTIFIER = com.davidortega.SwiftleUITests;
				PRODUCT_NAME = "$(TARGET_NAME)";
				SWIFT_EMIT_LOC_STRINGS = NO;
				SWIFT_VERSION = 5.0;
				TARGETED_DEVICE_FAMILY = "1,2";
				TEST_TARGET_NAME = Swiftle;
			};
			name = Release;
		};
/* End XCBuildConfiguration section */

/* Begin XCConfigurationList section */
		635CE2B02C48336400F857AD /* Build configuration list for PBXProject "Swiftle" */ = {
			isa = XCConfigurationList;
			buildConfigurations = (
				635CE2D72C48336700F857AD /* Debug */,
				635CE2D82C48336700F857AD /* Release */,
			);
			defaultConfigurationIsVisible = 0;
			defaultConfigurationName = Release;
		};
		635CE2D92C48336700F857AD /* Build configuration list for PBXNativeTarget "Swiftle" */ = {
			isa = XCConfigurationList;
			buildConfigurations = (
				635CE2DA2C48336700F857AD /* Debug */,
				635CE2DB2C48336700F857AD /* Release */,
			);
			defaultConfigurationIsVisible = 0;
			defaultConfigurationName = Release;
		};
		635CE2DC2C48336700F857AD /* Build configuration list for PBXNativeTarget "SwiftleTests" */ = {
			isa = XCConfigurationList;
			buildConfigurations = (
				635CE2DD2C48336700F857AD /* Debug */,
				635CE2DE2C48336700F857AD /* Release */,
			);
			defaultConfigurationIsVisible = 0;
			defaultConfigurationName = Release;
		};
		635CE2DF2C48336700F857AD /* Build configuration list for PBXNativeTarget "SwiftleUITests" */ = {
			isa = XCConfigurationList;
			buildConfigurations = (
				635CE2E02C48336700F857AD /* Debug */,
				635CE2E12C48336700F857AD /* Release */,
			);
			defaultConfigurationIsVisible = 0;
			defaultConfigurationName = Release;
		};
/* End XCConfigurationList section */
	};
	rootObject = 635CE2AD2C48336400F857AD /* Project object */;
}
